// !$*UTF8*$!
{
	archiveVersion = 1;
	classes = {
	};
	objectVersion = 50;
	objects = {

/* Begin PBXBuildFile section */
		D7A442DF24A0D96A009EBC07 /* AppDelegate.m in Sources */ = {isa = PBXBuildFile; fileRef = D7A442DE24A0D96A009EBC07 /* AppDelegate.m */; };
		D7A442E224A0D96A009EBC07 /* SceneDelegate.m in Sources */ = {isa = PBXBuildFile; fileRef = D7A442E124A0D96A009EBC07 /* SceneDelegate.m */; };
		D7A442E524A0D96A009EBC07 /* ViewController.m in Sources */ = {isa = PBXBuildFile; fileRef = D7A442E424A0D96A009EBC07 /* ViewController.m */; };
		D7A442E824A0D96A009EBC07 /* Main.storyboard in Resources */ = {isa = PBXBuildFile; fileRef = D7A442E624A0D96A009EBC07 /* Main.storyboard */; };
		D7A442EA24A0D96D009EBC07 /* Assets.xcassets in Resources */ = {isa = PBXBuildFile; fileRef = D7A442E924A0D96D009EBC07 /* Assets.xcassets */; };
		D7A442ED24A0D96D009EBC07 /* LaunchScreen.storyboard in Resources */ = {isa = PBXBuildFile; fileRef = D7A442EB24A0D96D009EBC07 /* LaunchScreen.storyboard */; };
		D7A442F024A0D96D009EBC07 /* main.m in Sources */ = {isa = PBXBuildFile; fileRef = D7A442EF24A0D96D009EBC07 /* main.m */; };
		D7A442F824A0DE8B009EBC07 /* WechatTableViewCell.m in Sources */ = {isa = PBXBuildFile; fileRef = D7A442F724A0DE8B009EBC07 /* WechatTableViewCell.m */; };
		D7A442FB24A19F07009EBC07 /* WeChatModel.m in Sources */ = {isa = PBXBuildFile; fileRef = D7A442FA24A19F07009EBC07 /* WeChatModel.m */; };
		D7A442FF24A2E1CF009EBC07 /* WechatTableViewCellXIB.m in Sources */ = {isa = PBXBuildFile; fileRef = D7A442FD24A2E1CF009EBC07 /* WechatTableViewCellXIB.m */; };
		D7A4430024A2E1CF009EBC07 /* WechatTableViewCellXIB.xib in Resources */ = {isa = PBXBuildFile; fileRef = D7A442FE24A2E1CF009EBC07 /* WechatTableViewCellXIB.xib */; };
/* End PBXBuildFile section */

/* Begin PBXFileReference section */
		D7A442DA24A0D96A009EBC07 /* TableView自定义.app */ = {isa = PBXFileReference; explicitFileType = wrapper.application; includeInIndex = 0; path = "TableView自定义.app"; sourceTree = BUILT_PRODUCTS_DIR; };
		D7A442DD24A0D96A009EBC07 /* AppDelegate.h */ = {isa = PBXFileReference; lastKnownFileType = sourcecode.c.h; path = AppDelegate.h; sourceTree = "<group>"; };
		D7A442DE24A0D96A009EBC07 /* AppDelegate.m */ = {isa = PBXFileReference; lastKnownFileType = sourcecode.c.objc; path = AppDelegate.m; sourceTree = "<group>"; };
		D7A442E024A0D96A009EBC07 /* SceneDelegate.h */ = {isa = PBXFileReference; lastKnownFileType = sourcecode.c.h; path = SceneDelegate.h; sourceTree = "<group>"; };
		D7A442E124A0D96A009EBC07 /* SceneDelegate.m */ = {isa = PBXFileReference; lastKnownFileType = sourcecode.c.objc; path = SceneDelegate.m; sourceTree = "<group>"; };
		D7A442E324A0D96A009EBC07 /* ViewController.h */ = {isa = PBXFileReference; lastKnownFileType = sourcecode.c.h; path = ViewController.h; sourceTree = "<group>"; };
		D7A442E424A0D96A009EBC07 /* ViewController.m */ = {isa = PBXFileReference; lastKnownFileType = sourcecode.c.objc; path = ViewController.m; sourceTree = "<group>"; };
		D7A442E724A0D96A009EBC07 /* Base */ = {isa = PBXFileReference; lastKnownFileType = file.storyboard; name = Base; path = Base.lproj/Main.storyboard; sourceTree = "<group>"; };
		D7A442E924A0D96D009EBC07 /* Assets.xcassets */ = {isa = PBXFileReference; lastKnownFileType = folder.assetcatalog; path = Assets.xcassets; sourceTree = "<group>"; };
		D7A442EC24A0D96D009EBC07 /* Base */ = {isa = PBXFileReference; lastKnownFileType = file.storyboard; name = Base; path = Base.lproj/LaunchScreen.storyboard; sourceTree = "<group>"; };
		D7A442EE24A0D96D009EBC07 /* Info.plist */ = {isa = PBXFileReference; lastKnownFileType = text.plist.xml; path = Info.plist; sourceTree = "<group>"; };
		D7A442EF24A0D96D009EBC07 /* main.m */ = {isa = PBXFileReference; lastKnownFileType = sourcecode.c.objc; path = main.m; sourceTree = "<group>"; };
		D7A442F624A0DE8B009EBC07 /* WechatTableViewCell.h */ = {isa = PBXFileReference; lastKnownFileType = sourcecode.c.h; path = WechatTableViewCell.h; sourceTree = "<group>"; };
		D7A442F724A0DE8B009EBC07 /* WechatTableViewCell.m */ = {isa = PBXFileReference; lastKnownFileType = sourcecode.c.objc; path = WechatTableViewCell.m; sourceTree = "<group>"; };
		D7A442F924A19F07009EBC07 /* WeChatModel.h */ = {isa = PBXFileReference; lastKnownFileType = sourcecode.c.h; path = WeChatModel.h; sourceTree = "<group>"; };
		D7A442FA24A19F07009EBC07 /* WeChatModel.m */ = {isa = PBXFileReference; lastKnownFileType = sourcecode.c.objc; path = WeChatModel.m; sourceTree = "<group>"; };
		D7A442FC24A2E1CF009EBC07 /* WechatTableViewCellXIB.h */ = {isa = PBXFileReference; lastKnownFileType = sourcecode.c.h; path = WechatTableViewCellXIB.h; sourceTree = "<group>"; };
		D7A442FD24A2E1CF009EBC07 /* WechatTableViewCellXIB.m */ = {isa = PBXFileReference; lastKnownFileType = sourcecode.c.objc; path = WechatTableViewCellXIB.m; sourceTree = "<group>"; };
		D7A442FE24A2E1CF009EBC07 /* WechatTableViewCellXIB.xib */ = {isa = PBXFileReference; lastKnownFileType = file.xib; path = WechatTableViewCellXIB.xib; sourceTree = "<group>"; };
/* End PBXFileReference section */

/* Begin PBXFrameworksBuildPhase section */
		D7A442D724A0D96A009EBC07 /* Frameworks */ = {
			isa = PBXFrameworksBuildPhase;
			buildActionMask = 2147483647;
			files = (
			);
			runOnlyForDeploymentPostprocessing = 0;
		};
/* End PBXFrameworksBuildPhase section */

/* Begin PBXGroup section */
		D7A442D124A0D96A009EBC07 = {
			isa = PBXGroup;
			children = (
				D7A442DC24A0D96A009EBC07 /* TableView自定义 */,
				D7A442DB24A0D96A009EBC07 /* Products */,
			);
			sourceTree = "<group>";
		};
		D7A442DB24A0D96A009EBC07 /* Products */ = {
			isa = PBXGroup;
			children = (
				D7A442DA24A0D96A009EBC07 /* TableView自定义.app */,
			);
			name = Products;
			sourceTree = "<group>";
		};
		D7A442DC24A0D96A009EBC07 /* TableView自定义 */ = {
			isa = PBXGroup;
			children = (
				D7A442DD24A0D96A009EBC07 /* AppDelegate.h */,
				D7A442DE24A0D96A009EBC07 /* AppDelegate.m */,
				D7A442E024A0D96A009EBC07 /* SceneDelegate.h */,
				D7A442E124A0D96A009EBC07 /* SceneDelegate.m */,
				D7A442E324A0D96A009EBC07 /* ViewController.h */,
				D7A442E424A0D96A009EBC07 /* ViewController.m */,
				D7A442E624A0D96A009EBC07 /* Main.storyboard */,
				D7A442E924A0D96D009EBC07 /* Assets.xcassets */,
				D7A442EB24A0D96D009EBC07 /* LaunchScreen.storyboard */,
				D7A442EE24A0D96D009EBC07 /* Info.plist */,
				D7A442EF24A0D96D009EBC07 /* main.m */,
				D7A442F624A0DE8B009EBC07 /* WechatTableViewCell.h */,
				D7A442F724A0DE8B009EBC07 /* WechatTableViewCell.m */,
				D7A442F924A19F07009EBC07 /* WeChatModel.h */,
				D7A442FA24A19F07009EBC07 /* WeChatModel.m */,
				D7A442FC24A2E1CF009EBC07 /* WechatTableViewCellXIB.h */,
				D7A442FD24A2E1CF009EBC07 /* WechatTableViewCellXIB.m */,
				D7A442FE24A2E1CF009EBC07 /* WechatTableViewCellXIB.xib */,
			);
			path = "TableView自定义";
			sourceTree = "<group>";
		};
/* End PBXGroup section */

/* Begin PBXNativeTarget section */
		D7A442D924A0D96A009EBC07 /* TableView自定义 */ = {
			isa = PBXNativeTarget;
			buildConfigurationList = D7A442F324A0D96D009EBC07 /* Build configuration list for PBXNativeTarget "TableView自定义" */;
			buildPhases = (
				D7A442D624A0D96A009EBC07 /* Sources */,
				D7A442D724A0D96A009EBC07 /* Frameworks */,
				D7A442D824A0D96A009EBC07 /* Resources */,
			);
			buildRules = (
			);
			dependencies = (
			);
			name = "TableView自定义";
			productName = "TableView自定义";
			productReference = D7A442DA24A0D96A009EBC07 /* TableView自定义.app */;
			productType = "com.apple.product-type.application";
		};
/* End PBXNativeTarget section */

/* Begin PBXProject section */
		D7A442D224A0D96A009EBC07 /* Project object */ = {
			isa = PBXProject;
			attributes = {
				LastUpgradeCheck = 1130;
				ORGANIZATIONNAME = alexganggao;
				TargetAttributes = {
					D7A442D924A0D96A009EBC07 = {
						CreatedOnToolsVersion = 11.3.1;
					};
				};
			};
			buildConfigurationList = D7A442D524A0D96A009EBC07 /* Build configuration list for PBXProject "TableView自定义" */;
			compatibilityVersion = "Xcode 9.3";
			developmentRegion = en;
			hasScannedForEncodings = 0;
			knownRegions = (
				en,
				Base,
			);
			mainGroup = D7A442D124A0D96A009EBC07;
			productRefGroup = D7A442DB24A0D96A009EBC07 /* Products */;
			projectDirPath = "";
			projectRoot = "";
			targets = (
				D7A442D924A0D96A009EBC07 /* TableView自定义 */,
			);
		};
/* End PBXProject section */

/* Begin PBXResourcesBuildPhase section */
		D7A442D824A0D96A009EBC07 /* Resources */ = {
			isa = PBXResourcesBuildPhase;
			buildActionMask = 2147483647;
			files = (
				D7A442ED24A0D96D009EBC07 /* LaunchScreen.storyboard in Resources */,
				D7A4430024A2E1CF009EBC07 /* WechatTableViewCellXIB.xib in Resources */,
				D7A442EA24A0D96D009EBC07 /* Assets.xcassets in Resources */,
				D7A442E824A0D96A009EBC07 /* Main.storyboard in Resources */,
			);
			runOnlyForDeploymentPostprocessing = 0;
		};
/* End PBXResourcesBuildPhase section */

/* Begin PBXSourcesBuildPhase section */
		D7A442D624A0D96A009EBC07 /* Sources */ = {
			isa = PBXSourcesBuildPhase;
			buildActionMask = 2147483647;
			files = (
				D7A442E524A0D96A009EBC07 /* ViewController.m in Sources */,
				D7A442F824A0DE8B009EBC07 /* WechatTableViewCell.m in Sources */,
				D7A442DF24A0D96A009EBC07 /* AppDelegate.m in Sources */,
				D7A442F024A0D96D009EBC07 /* main.m in Sources */,
				D7A442E224A0D96A009EBC07 /* SceneDelegate.m in Sources */,
				D7A442FB24A19F07009EBC07 /* WeChatModel.m in Sources */,
				D7A442FF24A2E1CF009EBC07 /* WechatTableViewCellXIB.m in Sources */,
			);
			runOnlyForDeploymentPostprocessing = 0;
		};
/* End PBXSourcesBuildPhase section */

/* Begin PBXVariantGroup section */
		D7A442E624A0D96A009EBC07 /* Main.storyboard */ = {
			isa = PBXVariantGroup;
			children = (
				D7A442E724A0D96A009EBC07 /* Base */,
			);
			name = Main.storyboard;
			sourceTree = "<group>";
		};
		D7A442EB24A0D96D009EBC07 /* LaunchScreen.storyboard */ = {
			isa = PBXVariantGroup;
			children = (
				D7A442EC24A0D96D009EBC07 /* Base */,
			);
			name = LaunchScreen.storyboard;
			sourceTree = "<group>";
		};
/* End PBXVariantGroup section */

/* Begin XCBuildConfiguration section */
		D7A442F124A0D96D009EBC07 /* Debug */ = {
			isa = XCBuildConfiguration;
			buildSettings = {
				ALWAYS_SEARCH_USER_PATHS = NO;
				CLANG_ANALYZER_NONNULL = YES;
				CLANG_ANALYZER_NUMBER_OBJECT_CONVERSION = YES_AGGRESSIVE;
				CLANG_CXX_LANGUAGE_STANDARD = "gnu++14";
				CLANG_CXX_LIBRARY = "libc++";
				CLANG_ENABLE_MODULES = YES;
				CLANG_ENABLE_OBJC_ARC = YES;
				CLANG_ENABLE_OBJC_WEAK = YES;
				CLANG_WARN_BLOCK_CAPTURE_AUTORELEASING = YES;
				CLANG_WARN_BOOL_CONVERSION = YES;
				CLANG_WARN_COMMA = YES;
				CLANG_WARN_CONSTANT_CONVERSION = YES;
				CLANG_WARN_DEPRECATED_OBJC_IMPLEMENTATIONS = YES;
				CLANG_WARN_DIRECT_OBJC_ISA_USAGE = YES_ERROR;
				CLANG_WARN_DOCUMENTATION_COMMENTS = YES;
				CLANG_WARN_EMPTY_BODY = YES;
				CLANG_WARN_ENUM_CONVERSION = YES;
				CLANG_WARN_INFINITE_RECURSION = YES;
				CLANG_WARN_INT_CONVERSION = YES;
				CLANG_WARN_NON_LITERAL_NULL_CONVERSION = YES;
				CLANG_WARN_OBJC_IMPLICIT_RETAIN_SELF = YES;
				CLANG_WARN_OBJC_LITERAL_CONVERSION = YES;
				CLANG_WARN_OBJC_ROOT_CLASS = YES_ERROR;
				CLANG_WARN_RANGE_LOOP_ANALYSIS = YES;
				CLANG_WARN_STRICT_PROTOTYPES = YES;
				CLANG_WARN_SUSPICIOUS_MOVE = YES;
				CLANG_WARN_UNGUARDED_AVAILABILITY = YES_AGGRESSIVE;
				CLANG_WARN_UNREACHABLE_CODE = YES;
				CLANG_WARN__DUPLICATE_METHOD_MATCH = YES;
				COPY_PHASE_STRIP = NO;
				DEBUG_INFORMATION_FORMAT = dwarf;
				ENABLE_STRICT_OBJC_MSGSEND = YES;
				ENABLE_TESTABILITY = YES;
				GCC_C_LANGUAGE_STANDARD = gnu11;
				GCC_DYNAMIC_NO_PIC = NO;
				GCC_NO_COMMON_BLOCKS = YES;
				GCC_OPTIMIZATION_LEVEL = 0;
				GCC_PREPROCESSOR_DEFINITIONS = (
					"DEBUG=1",
					"$(inherited)",
				);
				GCC_WARN_64_TO_32_BIT_CONVERSION = YES;
				GCC_WARN_ABOUT_RETURN_TYPE = YES_ERROR;
				GCC_WARN_UNDECLARED_SELECTOR = YES;
				GCC_WARN_UNINITIALIZED_AUTOS = YES_AGGRESSIVE;
				GCC_WARN_UNUSED_FUNCTION = YES;
				GCC_WARN_UNUSED_VARIABLE = YES;
				IPHONEOS_DEPLOYMENT_TARGET = 13.2;
				MTL_ENABLE_DEBUG_INFO = INCLUDE_SOURCE;
				MTL_FAST_MATH = YES;
				ONLY_ACTIVE_ARCH = YES;
				SDKROOT = iphoneos;
			};
			name = Debug;
		};
		D7A442F224A0D96D009EBC07 /* Release */ = {
			isa = XCBuildConfiguration;
			buildSettings = {
				ALWAYS_SEARCH_USER_PATHS = NO;
				CLANG_ANALYZER_NONNULL = YES;
				CLANG_ANALYZER_NUMBER_OBJECT_CONVERSION = YES_AGGRESSIVE;
				CLANG_CXX_LANGUAGE_STANDARD = "gnu++14";
				CLANG_CXX_LIBRARY = "libc++";
				CLANG_ENABLE_MODULES = YES;
				CLANG_ENABLE_OBJC_ARC = YES;
				CLANG_ENABLE_OBJC_WEAK = YES;
				CLANG_WARN_BLOCK_CAPTURE_AUTORELEASING = YES;
				CLANG_WARN_BOOL_CONVERSION = YES;
				CLANG_WARN_COMMA = YES;
				CLANG_WARN_CONSTANT_CONVERSION = YES;
				CLANG_WARN_DEPRECATED_OBJC_IMPLEMENTATIONS = YES;
				CLANG_WARN_DIRECT_OBJC_ISA_USAGE = YES_ERROR;
				CLANG_WARN_DOCUMENTATION_COMMENTS = YES;
				CLANG_WARN_EMPTY_BODY = YES;
				CLANG_WARN_ENUM_CONVERSION = YES;
				CLANG_WARN_INFINITE_RECURSION = YES;
				CLANG_WARN_INT_CONVERSION = YES;
				CLANG_WARN_NON_LITERAL_NULL_CONVERSION = YES;
				CLANG_WARN_OBJC_IMPLICIT_RETAIN_SELF = YES;
				CLANG_WARN_OBJC_LITERAL_CONVERSION = YES;
				CLANG_WARN_OBJC_ROOT_CLASS = YES_ERROR;
				CLANG_WARN_RANGE_LOOP_ANALYSIS = YES;
				CLANG_WARN_STRICT_PROTOTYPES = YES;
				CLANG_WARN_SUSPICIOUS_MOVE = YES;
				CLANG_WARN_UNGUARDED_AVAILABILITY = YES_AGGRESSIVE;
				CLANG_WARN_UNREACHABLE_CODE = YES;
				CLANG_WARN__DUPLICATE_METHOD_MATCH = YES;
				COPY_PHASE_STRIP = NO;
				DEBUG_INFORMATION_FORMAT = "dwarf-with-dsym";
				ENABLE_NS_ASSERTIONS = NO;
				ENABLE_STRICT_OBJC_MSGSEND = YES;
				GCC_C_LANGUAGE_STANDARD = gnu11;
				GCC_NO_COMMON_BLOCKS = YES;
				GCC_WARN_64_TO_32_BIT_CONVERSION = YES;
				GCC_WARN_ABOUT_RETURN_TYPE = YES_ERROR;
				GCC_WARN_UNDECLARED_SELECTOR = YES;
				GCC_WARN_UNINITIALIZED_AUTOS = YES_AGGRESSIVE;
				GCC_WARN_UNUSED_FUNCTION = YES;
				GCC_WARN_UNUSED_VARIABLE = YES;
				IPHONEOS_DEPLOYMENT_TARGET = 13.2;
				MTL_ENABLE_DEBUG_INFO = NO;
				MTL_FAST_MATH = YES;
				SDKROOT = iphoneos;
				VALIDATE_PRODUCT = YES;
			};
			name = Release;
		};
		D7A442F424A0D96D009EBC07 /* Debug */ = {
			isa = XCBuildConfiguration;
			buildSettings = {
				ASSETCATALOG_COMPILER_APPICON_NAME = AppIcon;
				CODE_SIGN_STYLE = Automatic;
				INFOPLIST_FILE = "TableView自定义/Info.plist";
				LD_RUNPATH_SEARCH_PATHS = (
					"$(inherited)",
					"@executable_path/Frameworks",
				);
				PRODUCT_BUNDLE_IDENTIFIER = "com.example.apple-samples.TableView---";
				PRODUCT_NAME = "$(TARGET_NAME)";
				TARGETED_DEVICE_FAMILY = "1,2";
			};
			name = Debug;
		};
		D7A442F524A0D96D009EBC07 /* Release */ = {
			isa = XCBuildConfiguration;
			buildSettings = {
				ASSETCATALOG_COMPILER_APPICON_NAME = AppIcon;
				CODE_SIGN_STYLE = Automatic;
				INFOPLIST_FILE = "TableView自定义/Info.plist";
				LD_RUNPATH_SEARCH_PATHS = (
					"$(inherited)",
					"@executable_path/Frameworks",
				);
				PRODUCT_BUNDLE_IDENTIFIER = "com.example.apple-samples.TableView---";
				PRODUCT_NAME = "$(TARGET_NAME)";
				TARGETED_DEVICE_FAMILY = "1,2";
			};
			name = Release;
		};
/* End XCBuildConfiguration section */

/* Begin XCConfigurationList section */
		D7A442D524A0D96A009EBC07 /* Build configuration list for PBXProject "TableView自定义" */ = {
			isa = XCConfigurationList;
			buildConfigurations = (
				D7A442F124A0D96D009EBC07 /* Debug */,
				D7A442F224A0D96D009EBC07 /* Release */,
			);
			defaultConfigurationIsVisible = 0;
			defaultConfigurationName = Release;
		};
		D7A442F324A0D96D009EBC07 /* Build configuration list for PBXNativeTarget "TableView自定义" */ = {
			isa = XCConfigurationList;
			buildConfigurations = (
				D7A442F424A0D96D009EBC07 /* Debug */,
				D7A442F524A0D96D009EBC07 /* Release */,
			);
			defaultConfigurationIsVisible = 0;
			defaultConfigurationName = Release;
		};
/* End XCConfigurationList section */
	};
	rootObject = D7A442D224A0D96A009EBC07 /* Project object */;
}
